
Microsoft Visual Studio Solution File, Format Version 12.00
# Visual Studio 15
Project("{FAE04EC0-301F-11D3-BF4B-00C04F79EFBC}") = "Assembly-CSharp", "Assembly-CSharp.csproj", "{B7624EE3-0067-E3C4-2487-4E07CE5E3623}"
EndProject
Global
	GlobalSection(SolutionConfigurationPlatforms) = preSolution
		Debug|Any CPU = Debug|Any CPU
		Release|Any CPU = Release|Any CPU
	EndGlobalSection
	GlobalSection(ProjectConfigurationPlatforms) = postSolution
		{B7624EE3-0067-E3C4-2487-4E07CE5E3623}.Debug|Any CPU.ActiveCfg = Debug|Any CPU
		{B7624EE3-0067-E3C4-2487-4E07CE5E3623}.Debug|Any CPU.Build.0 = Debug|Any CPU
		{B7624EE3-0067-E3C4-2487-4E07CE5E3623}.Release|Any CPU.ActiveCfg = Release|Any CPU
		{B7624EE3-0067-E3C4-2487-4E07CE5E3623}.Release|Any CPU.Build.0 = Release|Any CPU
	EndGlobalSection
	GlobalSection(SolutionProperties) = preSolution
		HideSolutionNode = FALSE
	EndGlobalSection
EndGlobal
